# This file is automatically @generated by Cargo.
# It is not intended for manual editing.
version = 4

[[package]]
name = "varta-bench"
version = "0.1.0"

[[package]]
name = "varta-client"
version = "0.1.0"

[[package]]
name = "varta-tests"
version = "0.1.0"

[[package]]
name = "varta-vlp"
version = "0.1.0"

[[package]]
name = "varta-watch"
version = "0.1.0"
